github.com/go-chi/chi/v5 v5.0.10 h1:rLz5avzKpjqxrYwXNfmjkrYYXOyLJd37pz53UFHC6vk=
github.com/go-chi/chi/v5 v5.0.10/go.mod h1:DslCQbL2OYiznFReuXYUmQ2hGd1aDpCnlMNITLSKoi8=
github.com/webnice/dic v1.0.0 h1:HqLrt/ZFxIsHmLSThvcD8XJQIhfS8BZR8/XtjEtY3N4=
github.com/webnice/dic v1.0.0/go.mod h1:1uJ/a1/bfQeSE1oE7UnOe7jW9omfR2qUlEnXV0pDnmY=
