github.com/go-chi/chi/v5 v5.0.10 h1:rLz5avzKpjqxrYwXNfmjkrYYXOyLJd37pz53UFHC6vk=
github.com/go-chi/chi/v5 v5.0.10/go.mod h1:DslCQbL2OYiznFReuXYUmQ2hGd1aDpCnlMNITLSKoi8=
github.com/google/uuid v1.6.0 h1:NIvaJDMOsjHA8n1jAhLSgzrAzy1Hgr+hNrb57e+94F0=
github.com/google/uuid v1.6.0/go.mod h1:TIyPZe4MgqvfeYDBFedMoGGpEw/LqOeaOT+nhxU+yHo=
github.com/pires/go-proxyproto v0.8.0 h1:5unRmEAPbHXHuLjDg01CxJWf91cw3lKHc/0xzKpXEe0=
github.com/pires/go-proxyproto v0.8.0/go.mod h1:iknsfgnH8EkjrMeMyvfKByp9TiBZCKZM0jx2xmKqnVY=
github.com/webnice/dic v1.2.1 h1:iyStTUlNWFPI1JNutEtTpSOXqBJgdOWK1KR/+Cc7ScI=
github.com/webnice/dic v1.2.1/go.mod h1:1eM1bn5o2yKM5hlpGZ+LJDHihK1Iuk/VSvcAq0dHQk0=
github.com/webnice/net v1.3.1 h1:X9gvk8CKV4qEFrmhPqKvI627mJ0p7byDN58RQENtwJE=
github.com/webnice/net v1.3.1/go.mod h1:ugE2vdGbVAaaoiZJ4lgD0osc1w7cXx+jdzheATVnMDM=
